// !$*UTF8*$!
{
	archiveVersion = 1;
	classes = {
	};
	objectVersion = 77;
	objects = {

/* Begin PBXBuildFile section */
		6330433E2DA7B6E40016C61F /* WidgetKit.framework in Frameworks */ = {isa = PBXBuildFile; fileRef = 6330433D2DA7B6E40016C61F /* WidgetKit.framework */; };
		633043402DA7B6E40016C61F /* SwiftUI.framework in Frameworks */ = {isa = PBXBuildFile; fileRef = 6330433F2DA7B6E40016C61F /* SwiftUI.framework */; };
		633043512DA7B6E50016C61F /* NearbyAirQualityWidgetExtension.appex in Embed Foundation Extensions */ = {isa = PBXBuildFile; fileRef = 6330433B2DA7B6E40016C61F /* NearbyAirQualityWidgetExtension.appex */; settings = {ATTRIBUTES = (RemoveHeadersOnCopy, ); }; };
		633334302D89F6EA0082D0CB /* MapboxMaps in Frameworks */ = {isa = PBXBuildFile; productRef = 6333342F2D89F6EA0082D0CB /* MapboxMaps */; };
		636E1B122D9285C80051AC01 /* Alamofire in Frameworks */ = {isa = PBXBuildFile; productRef = 636E1B112D9285C80051AC01 /* Alamofire */; };
		63A17E8B2D95891B00257016 /* MapboxSearch in Frameworks */ = {isa = PBXBuildFile; productRef = 63A17E8A2D95891B00257016 /* MapboxSearch */; };
		63A17E8D2D95891B00257016 /* MapboxSearchUI in Frameworks */ = {isa = PBXBuildFile; productRef = 63A17E8C2D95891B00257016 /* MapboxSearchUI */; };
		63A1E16C2DFCA017009132D5 /* Alamofire in Frameworks */ = {isa = PBXBuildFile; productRef = 63A1E16B2DFCA017009132D5 /* Alamofire */; };
		63CA9EFE2D89EB08007B5340 /* SnapKit in Frameworks */ = {isa = PBXBuildFile; productRef = 63CA9EFD2D89EB08007B5340 /* SnapKit */; };
/* End PBXBuildFile section */

/* Begin PBXContainerItemProxy section */
		6330434F2DA7B6E50016C61F /* PBXContainerItemProxy */ = {
			isa = PBXContainerItemProxy;
			containerPortal = 63CA9EBB2D89E605007B5340 /* Project object */;
			proxyType = 1;
			remoteGlobalIDString = 6330433A2DA7B6E40016C61F;
			remoteInfo = NearbyAirQualityWidgetExtension;
		};
/* End PBXContainerItemProxy section */

/* Begin PBXCopyFilesBuildPhase section */
		633043522DA7B6E50016C61F /* Embed Foundation Extensions */ = {
			isa = PBXCopyFilesBuildPhase;
			buildActionMask = 2147483647;
			dstPath = "";
			dstSubfolderSpec = 13;
			files = (
				633043512DA7B6E50016C61F /* NearbyAirQualityWidgetExtension.appex in Embed Foundation Extensions */,
			);
			name = "Embed Foundation Extensions";
			runOnlyForDeploymentPostprocessing = 0;
		};
/* End PBXCopyFilesBuildPhase section */

/* Begin PBXFileReference section */
		6330433B2DA7B6E40016C61F /* NearbyAirQualityWidgetExtension.appex */ = {isa = PBXFileReference; explicitFileType = "wrapper.app-extension"; includeInIndex = 0; path = NearbyAirQualityWidgetExtension.appex; sourceTree = BUILT_PRODUCTS_DIR; };
		6330433D2DA7B6E40016C61F /* WidgetKit.framework */ = {isa = PBXFileReference; lastKnownFileType = wrapper.framework; name = WidgetKit.framework; path = System/Library/Frameworks/WidgetKit.framework; sourceTree = SDKROOT; };
		6330433F2DA7B6E40016C61F /* SwiftUI.framework */ = {isa = PBXFileReference; lastKnownFileType = wrapper.framework; name = SwiftUI.framework; path = System/Library/Frameworks/SwiftUI.framework; sourceTree = SDKROOT; };
		63A1E1672DFC93E0009132D5 /* NearbyAirQualityWidgetExtension.entitlements */ = {isa = PBXFileReference; lastKnownFileType = text.plist.entitlements; path = NearbyAirQualityWidgetExtension.entitlements; sourceTree = "<group>"; };
		63CA9EC32D89E605007B5340 /* AirCheck.app */ = {isa = PBXFileReference; explicitFileType = wrapper.application; includeInIndex = 0; path = AirCheck.app; sourceTree = BUILT_PRODUCTS_DIR; };
/* End PBXFileReference section */

/* Begin PBXFileSystemSynchronizedBuildFileExceptionSet section */
		633043562DA7B6E50016C61F /* Exceptions for "NearbyAirQualityWidget" folder in "NearbyAirQualityWidgetExtension" target */ = {
			isa = PBXFileSystemSynchronizedBuildFileExceptionSet;
			membershipExceptions = (
				Info.plist,
			);
			target = 6330433A2DA7B6E40016C61F /* NearbyAirQualityWidgetExtension */;
		};
		63CA9ED52D89E606007B5340 /* Exceptions for "AirCheck" folder in "AirCheck" target */ = {
			isa = PBXFileSystemSynchronizedBuildFileExceptionSet;
			membershipExceptions = (
				Info.plist,
			);
			target = 63CA9EC22D89E605007B5340 /* AirCheck */;
		};
/* End PBXFileSystemSynchronizedBuildFileExceptionSet section */

/* Begin PBXFileSystemSynchronizedRootGroup section */
		633043412DA7B6E40016C61F /* NearbyAirQualityWidget */ = {
			isa = PBXFileSystemSynchronizedRootGroup;
			exceptions = (
				633043562DA7B6E50016C61F /* Exceptions for "NearbyAirQualityWidget" folder in "NearbyAirQualityWidgetExtension" target */,
			);
			path = NearbyAirQualityWidget;
			sourceTree = "<group>";
		};
		63CA9EC52D89E605007B5340 /* AirCheck */ = {
			isa = PBXFileSystemSynchronizedRootGroup;
			exceptions = (
				63CA9ED52D89E606007B5340 /* Exceptions for "AirCheck" folder in "AirCheck" target */,
			);
			path = AirCheck;
			sourceTree = "<group>";
		};
/* End PBXFileSystemSynchronizedRootGroup section */

/* Begin PBXFrameworksBuildPhase section */
		633043382DA7B6E40016C61F /* Frameworks */ = {
			isa = PBXFrameworksBuildPhase;
			buildActionMask = 2147483647;
			files = (
				63A1E16C2DFCA017009132D5 /* Alamofire in Frameworks */,
				633043402DA7B6E40016C61F /* SwiftUI.framework in Frameworks */,
				6330433E2DA7B6E40016C61F /* WidgetKit.framework in Frameworks */,
			);
			runOnlyForDeploymentPostprocessing = 0;
		};
		63CA9EC02D89E605007B5340 /* Frameworks */ = {
			isa = PBXFrameworksBuildPhase;
			buildActionMask = 2147483647;
			files = (
				636E1B122D9285C80051AC01 /* Alamofire in Frameworks */,
				63A17E8D2D95891B00257016 /* MapboxSearchUI in Frameworks */,
				63A17E8B2D95891B00257016 /* MapboxSearch in Frameworks */,
				633334302D89F6EA0082D0CB /* MapboxMaps in Frameworks */,
				63CA9EFE2D89EB08007B5340 /* SnapKit in Frameworks */,
			);
			runOnlyForDeploymentPostprocessing = 0;
		};
/* End PBXFrameworksBuildPhase section */

/* Begin PBXGroup section */
		6330433C2DA7B6E40016C61F /* Frameworks */ = {
			isa = PBXGroup;
			children = (
				6330433D2DA7B6E40016C61F /* WidgetKit.framework */,
				6330433F2DA7B6E40016C61F /* SwiftUI.framework */,
			);
			name = Frameworks;
			sourceTree = "<group>";
		};
		63CA9EBA2D89E605007B5340 = {
			isa = PBXGroup;
			children = (
				63A1E1672DFC93E0009132D5 /* NearbyAirQualityWidgetExtension.entitlements */,
				63CA9EC52D89E605007B5340 /* AirCheck */,
				633043412DA7B6E40016C61F /* NearbyAirQualityWidget */,
				6330433C2DA7B6E40016C61F /* Frameworks */,
				63CA9EC42D89E605007B5340 /* Products */,
			);
			sourceTree = "<group>";
		};
		63CA9EC42D89E605007B5340 /* Products */ = {
			isa = PBXGroup;
			children = (
				63CA9EC32D89E605007B5340 /* AirCheck.app */,
				6330433B2DA7B6E40016C61F /* NearbyAirQualityWidgetExtension.appex */,
			);
			name = Products;
			sourceTree = "<group>";
		};
/* End PBXGroup section */

/* Begin PBXNativeTarget section */
		6330433A2DA7B6E40016C61F /* NearbyAirQualityWidgetExtension */ = {
			isa = PBXNativeTarget;
			buildConfigurationList = 633043552DA7B6E50016C61F /* Build configuration list for PBXNativeTarget "NearbyAirQualityWidgetExtension" */;
			buildPhases = (
				633043372DA7B6E40016C61F /* Sources */,
				633043382DA7B6E40016C61F /* Frameworks */,
				633043392DA7B6E40016C61F /* Resources */,
			);
			buildRules = (
			);
			dependencies = (
			);
			fileSystemSynchronizedGroups = (
				633043412DA7B6E40016C61F /* NearbyAirQualityWidget */,
			);
			name = NearbyAirQualityWidgetExtension;
			packageProductDependencies = (
				63A1E16B2DFCA017009132D5 /* Alamofire */,
			);
			productName = NearbyAirQualityWidgetExtension;
			productReference = 6330433B2DA7B6E40016C61F /* NearbyAirQualityWidgetExtension.appex */;
			productType = "com.apple.product-type.app-extension";
		};
		63CA9EC22D89E605007B5340 /* AirCheck */ = {
			isa = PBXNativeTarget;
			buildConfigurationList = 63CA9ED62D89E606007B5340 /* Build configuration list for PBXNativeTarget "AirCheck" */;
			buildPhases = (
				63CA9EBF2D89E605007B5340 /* Sources */,
				63CA9EC02D89E605007B5340 /* Frameworks */,
				63CA9EC12D89E605007B5340 /* Resources */,
				633043522DA7B6E50016C61F /* Embed Foundation Extensions */,
			);
			buildRules = (
			);
			dependencies = (
				633043502DA7B6E50016C61F /* PBXTargetDependency */,
			);
			fileSystemSynchronizedGroups = (
				63CA9EC52D89E605007B5340 /* AirCheck */,
			);
			name = AirCheck;
			packageProductDependencies = (
				63CA9EFD2D89EB08007B5340 /* SnapKit */,
				6333342F2D89F6EA0082D0CB /* MapboxMaps */,
				636E1B112D9285C80051AC01 /* Alamofire */,
				63A17E8A2D95891B00257016 /* MapboxSearch */,
				63A17E8C2D95891B00257016 /* MapboxSearchUI */,
			);
			productName = AirCheck;
			productReference = 63CA9EC32D89E605007B5340 /* AirCheck.app */;
			productType = "com.apple.product-type.application";
		};
/* End PBXNativeTarget section */

/* Begin PBXProject section */
		63CA9EBB2D89E605007B5340 /* Project object */ = {
			isa = PBXProject;
			attributes = {
				BuildIndependentTargetsInParallel = 1;
				LastSwiftUpdateCheck = 1620;
				LastUpgradeCheck = 1620;
				TargetAttributes = {
					6330433A2DA7B6E40016C61F = {
						CreatedOnToolsVersion = 16.2;
					};
					63CA9EC22D89E605007B5340 = {
						CreatedOnToolsVersion = 16.2;
					};
				};
			};
			buildConfigurationList = 63CA9EBE2D89E605007B5340 /* Build configuration list for PBXProject "AirCheck" */;
			developmentRegion = en;
			hasScannedForEncodings = 0;
			knownRegions = (
				en,
				Base,
			);
			mainGroup = 63CA9EBA2D89E605007B5340;
			minimizedProjectReferenceProxies = 1;
			packageReferences = (
				63CA9EFC2D89EB08007B5340 /* XCRemoteSwiftPackageReference "SnapKit" */,
				6333342E2D89F6EA0082D0CB /* XCRemoteSwiftPackageReference "mapbox-maps-ios" */,
				636E1B102D9285C80051AC01 /* XCRemoteSwiftPackageReference "Alamofire" */,
				63A17E892D95891B00257016 /* XCRemoteSwiftPackageReference "search-ios" */,
			);
			preferredProjectObjectVersion = 77;
			productRefGroup = 63CA9EC42D89E605007B5340 /* Products */;
			projectDirPath = "";
			projectRoot = "";
			targets = (
				63CA9EC22D89E605007B5340 /* AirCheck */,
				6330433A2DA7B6E40016C61F /* NearbyAirQualityWidgetExtension */,
			);
		};
/* End PBXProject section */

/* Begin PBXResourcesBuildPhase section */
		633043392DA7B6E40016C61F /* Resources */ = {
			isa = PBXResourcesBuildPhase;
			buildActionMask = 2147483647;
			files = (
			);
			runOnlyForDeploymentPostprocessing = 0;
		};
		63CA9EC12D89E605007B5340 /* Resources */ = {
			isa = PBXResourcesBuildPhase;
			buildActionMask = 2147483647;
			files = (
			);
			runOnlyForDeploymentPostprocessing = 0;
		};
/* End PBXResourcesBuildPhase section */

/* Begin PBXSourcesBuildPhase section */
		633043372DA7B6E40016C61F /* Sources */ = {
			isa = PBXSourcesBuildPhase;
			buildActionMask = 2147483647;
			files = (
			);
			runOnlyForDeploymentPostprocessing = 0;
		};
		63CA9EBF2D89E605007B5340 /* Sources */ = {
			isa = PBXSourcesBuildPhase;
			buildActionMask = 2147483647;
			files = (
			);
			runOnlyForDeploymentPostprocessing = 0;
		};
/* End PBXSourcesBuildPhase section */

/* Begin PBXTargetDependency section */
		633043502DA7B6E50016C61F /* PBXTargetDependency */ = {
			isa = PBXTargetDependency;
			target = 6330433A2DA7B6E40016C61F /* NearbyAirQualityWidgetExtension */;
			targetProxy = 6330434F2DA7B6E50016C61F /* PBXContainerItemProxy */;
		};
/* End PBXTargetDependency section */

/* Begin XCBuildConfiguration section */
		633043532DA7B6E50016C61F /* Debug */ = {
			isa = XCBuildConfiguration;
			buildSettings = {
				ASSETCATALOG_COMPILER_GLOBAL_ACCENT_COLOR_NAME = AccentColor;
				ASSETCATALOG_COMPILER_WIDGET_BACKGROUND_COLOR_NAME = WidgetBackground;
				CODE_SIGN_ENTITLEMENTS = NearbyAirQualityWidgetExtension.entitlements;
				CODE_SIGN_STYLE = Automatic;
				CURRENT_PROJECT_VERSION = 1;
				DEVELOPMENT_TEAM = 4KXG88GL5W;
				GENERATE_INFOPLIST_FILE = YES;
				INFOPLIST_FILE = NearbyAirQualityWidget/Info.plist;
				INFOPLIST_KEY_CFBundleDisplayName = NearbyAirQualityWidget;
				INFOPLIST_KEY_NSHumanReadableCopyright = "";
				LD_RUNPATH_SEARCH_PATHS = (
					"$(inherited)",
					"@executable_path/Frameworks",
					"@executable_path/../../Frameworks",
				);
				MARKETING_VERSION = 1.0;
				PRODUCT_BUNDLE_IDENTIFIER = oralov.AirCheck.NearbyAirQualityWidget;
				PRODUCT_NAME = "$(TARGET_NAME)";
				SKIP_INSTALL = YES;
				SWIFT_EMIT_LOC_STRINGS = YES;
				SWIFT_VERSION = 5.0;
				TARGETED_DEVICE_FAMILY = "1,2";
			};
			name = Debug;
		};
		633043542DA7B6E50016C61F /* Release */ = {
			isa = XCBuildConfiguration;
			buildSettings = {
				ASSETCATALOG_COMPILER_GLOBAL_ACCENT_COLOR_NAME = AccentColor;
				ASSETCATALOG_COMPILER_WIDGET_BACKGROUND_COLOR_NAME = WidgetBackground;
				CODE_SIGN_ENTITLEMENTS = NearbyAirQualityWidgetExtension.entitlements;
				CODE_SIGN_STYLE = Automatic;
				CURRENT_PROJECT_VERSION = 1;
				DEVELOPMENT_TEAM = 4KXG88GL5W;
				GENERATE_INFOPLIST_FILE = YES;
				INFOPLIST_FILE = NearbyAirQualityWidget/Info.plist;
				INFOPLIST_KEY_CFBundleDisplayName = NearbyAirQualityWidget;
				INFOPLIST_KEY_NSHumanReadableCopyright = "";
				LD_RUNPATH_SEARCH_PATHS = (
					"$(inherited)",
					"@executable_path/Frameworks",
					"@executable_path/../../Frameworks",
				);
				MARKETING_VERSION = 1.0;
				PRODUCT_BUNDLE_IDENTIFIER = oralov.AirCheck.NearbyAirQualityWidget;
				PRODUCT_NAME = "$(TARGET_NAME)";
				SKIP_INSTALL = YES;
				SWIFT_EMIT_LOC_STRINGS = YES;
				SWIFT_VERSION = 5.0;
				TARGETED_DEVICE_FAMILY = "1,2";
			};
			name = Release;
		};
		63CA9ED72D89E606007B5340 /* Debug */ = {
			isa = XCBuildConfiguration;
			buildSettings = {
				ASSETCATALOG_COMPILER_APPICON_NAME = AppIcon;
				ASSETCATALOG_COMPILER_GLOBAL_ACCENT_COLOR_NAME = AccentColor;
				CODE_SIGN_ENTITLEMENTS = AirCheck/AirCheck.entitlements;
				CODE_SIGN_STYLE = Automatic;
				CURRENT_PROJECT_VERSION = 1;
				DEVELOPMENT_TEAM = 4KXG88GL5W;
				GENERATE_INFOPLIST_FILE = YES;
				INFOPLIST_FILE = AirCheck/Info.plist;
				INFOPLIST_KEY_UIApplicationSupportsIndirectInputEvents = YES;
				INFOPLIST_KEY_UILaunchStoryboardName = LaunchScreen;
				INFOPLIST_KEY_UISupportedInterfaceOrientations_iPad = "UIInterfaceOrientationPortrait UIInterfaceOrientationPortraitUpsideDown UIInterfaceOrientationLandscapeLeft UIInterfaceOrientationLandscapeRight";
				INFOPLIST_KEY_UISupportedInterfaceOrientations_iPhone = "UIInterfaceOrientationPortrait UIInterfaceOrientationLandscapeLeft UIInterfaceOrientationLandscapeRight";
				IPHONEOS_DEPLOYMENT_TARGET = 18.0;
				LD_RUNPATH_SEARCH_PATHS = (
					"$(inherited)",
					"@executable_path/Frameworks",
				);
				MARKETING_VERSION = 1.0;
				PRODUCT_BUNDLE_IDENTIFIER = oralov.AirCheck;
				PRODUCT_NAME = "$(TARGET_NAME)";
				SWIFT_EMIT_LOC_STRINGS = YES;
				SWIFT_VERSION = 5.0;
				TARGETED_DEVICE_FAMILY = "1,2";
			};
			name = Debug;
		};
		63CA9ED82D89E606007B5340 /* Release */ = {
			isa = XCBuildConfiguration;
			buildSettings = {
				ASSETCATALOG_COMPILER_APPICON_NAME = AppIcon;
				ASSETCATALOG_COMPILER_GLOBAL_ACCENT_COLOR_NAME = AccentColor;
				CODE_SIGN_ENTITLEMENTS = AirCheck/AirCheck.entitlements;
				CODE_SIGN_STYLE = Automatic;
				CURRENT_PROJECT_VERSION = 1;
				DEVELOPMENT_TEAM = 4KXG88GL5W;
				GENERATE_INFOPLIST_FILE = YES;
				INFOPLIST_FILE = AirCheck/Info.plist;
				INFOPLIST_KEY_UIApplicationSupportsIndirectInputEvents = YES;
				INFOPLIST_KEY_UILaunchStoryboardName = LaunchScreen;
				INFOPLIST_KEY_UISupportedInterfaceOrientations_iPad = "UIInterfaceOrientationPortrait UIInterfaceOrientationPortraitUpsideDown UIInterfaceOrientationLandscapeLeft UIInterfaceOrientationLandscapeRight";
				INFOPLIST_KEY_UISupportedInterfaceOrientations_iPhone = "UIInterfaceOrientationPortrait UIInterfaceOrientationLandscapeLeft UIInterfaceOrientationLandscapeRight";
				IPHONEOS_DEPLOYMENT_TARGET = 18.0;
				LD_RUNPATH_SEARCH_PATHS = (
					"$(inherited)",
					"@executable_path/Frameworks",
				);
				MARKETING_VERSION = 1.0;
				PRODUCT_BUNDLE_IDENTIFIER = oralov.AirCheck;
				PRODUCT_NAME = "$(TARGET_NAME)";
				SWIFT_EMIT_LOC_STRINGS = YES;
				SWIFT_VERSION = 5.0;
				TARGETED_DEVICE_FAMILY = "1,2";
			};
			name = Release;
		};
		63CA9ED92D89E606007B5340 /* Debug */ = {
			isa = XCBuildConfiguration;
			buildSettings = {
				ALWAYS_SEARCH_USER_PATHS = NO;
				ASSETCATALOG_COMPILER_GENERATE_SWIFT_ASSET_SYMBOL_EXTENSIONS = YES;
				CLANG_ANALYZER_NONNULL = YES;
				CLANG_ANALYZER_NUMBER_OBJECT_CONVERSION = YES_AGGRESSIVE;
				CLANG_CXX_LANGUAGE_STANDARD = "gnu++20";
				CLANG_ENABLE_MODULES = YES;
				CLANG_ENABLE_OBJC_ARC = YES;
				CLANG_ENABLE_OBJC_WEAK = YES;
				CLANG_WARN_BLOCK_CAPTURE_AUTORELEASING = YES;
				CLANG_WARN_BOOL_CONVERSION = YES;
				CLANG_WARN_COMMA = YES;
				CLANG_WARN_CONSTANT_CONVERSION = YES;
				CLANG_WARN_DEPRECATED_OBJC_IMPLEMENTATIONS = YES;
				CLANG_WARN_DIRECT_OBJC_ISA_USAGE = YES_ERROR;
				CLANG_WARN_DOCUMENTATION_COMMENTS = YES;
				CLANG_WARN_EMPTY_BODY = YES;
				CLANG_WARN_ENUM_CONVERSION = YES;
				CLANG_WARN_INFINITE_RECURSION = YES;
				CLANG_WARN_INT_CONVERSION = YES;
				CLANG_WARN_NON_LITERAL_NULL_CONVERSION = YES;
				CLANG_WARN_OBJC_IMPLICIT_RETAIN_SELF = YES;
				CLANG_WARN_OBJC_LITERAL_CONVERSION = YES;
				CLANG_WARN_OBJC_ROOT_CLASS = YES_ERROR;
				CLANG_WARN_QUOTED_INCLUDE_IN_FRAMEWORK_HEADER = YES;
				CLANG_WARN_RANGE_LOOP_ANALYSIS = YES;
				CLANG_WARN_STRICT_PROTOTYPES = YES;
				CLANG_WARN_SUSPICIOUS_MOVE = YES;
				CLANG_WARN_UNGUARDED_AVAILABILITY = YES_AGGRESSIVE;
				CLANG_WARN_UNREACHABLE_CODE = YES;
				CLANG_WARN__DUPLICATE_METHOD_MATCH = YES;
				COPY_PHASE_STRIP = NO;
				DEBUG_INFORMATION_FORMAT = dwarf;
				ENABLE_STRICT_OBJC_MSGSEND = YES;
				ENABLE_TESTABILITY = YES;
				ENABLE_USER_SCRIPT_SANDBOXING = YES;
				GCC_C_LANGUAGE_STANDARD = gnu17;
				GCC_DYNAMIC_NO_PIC = NO;
				GCC_NO_COMMON_BLOCKS = YES;
				GCC_OPTIMIZATION_LEVEL = 0;
				GCC_PREPROCESSOR_DEFINITIONS = (
					"DEBUG=1",
					"$(inherited)",
				);
				GCC_WARN_64_TO_32_BIT_CONVERSION = YES;
				GCC_WARN_ABOUT_RETURN_TYPE = YES_ERROR;
				GCC_WARN_UNDECLARED_SELECTOR = YES;
				GCC_WARN_UNINITIALIZED_AUTOS = YES_AGGRESSIVE;
				GCC_WARN_UNUSED_FUNCTION = YES;
				GCC_WARN_UNUSED_VARIABLE = YES;
				IPHONEOS_DEPLOYMENT_TARGET = 18.2;
				LOCALIZATION_PREFERS_STRING_CATALOGS = YES;
				MTL_ENABLE_DEBUG_INFO = INCLUDE_SOURCE;
				MTL_FAST_MATH = YES;
				ONLY_ACTIVE_ARCH = YES;
				SDKROOT = iphoneos;
				SWIFT_ACTIVE_COMPILATION_CONDITIONS = "DEBUG $(inherited)";
				SWIFT_OPTIMIZATION_LEVEL = "-Onone";
			};
			name = Debug;
		};
		63CA9EDA2D89E606007B5340 /* Release */ = {
			isa = XCBuildConfiguration;
			buildSettings = {
				ALWAYS_SEARCH_USER_PATHS = NO;
				ASSETCATALOG_COMPILER_GENERATE_SWIFT_ASSET_SYMBOL_EXTENSIONS = YES;
				CLANG_ANALYZER_NONNULL = YES;
				CLANG_ANALYZER_NUMBER_OBJECT_CONVERSION = YES_AGGRESSIVE;
				CLANG_CXX_LANGUAGE_STANDARD = "gnu++20";
				CLANG_ENABLE_MODULES = YES;
				CLANG_ENABLE_OBJC_ARC = YES;
				CLANG_ENABLE_OBJC_WEAK = YES;
				CLANG_WARN_BLOCK_CAPTURE_AUTORELEASING = YES;
				CLANG_WARN_BOOL_CONVERSION = YES;
				CLANG_WARN_COMMA = YES;
				CLANG_WARN_CONSTANT_CONVERSION = YES;
				CLANG_WARN_DEPRECATED_OBJC_IMPLEMENTATIONS = YES;
				CLANG_WARN_DIRECT_OBJC_ISA_USAGE = YES_ERROR;
				CLANG_WARN_DOCUMENTATION_COMMENTS = YES;
				CLANG_WARN_EMPTY_BODY = YES;
				CLANG_WARN_ENUM_CONVERSION = YES;
				CLANG_WARN_INFINITE_RECURSION = YES;
				CLANG_WARN_INT_CONVERSION = YES;
				CLANG_WARN_NON_LITERAL_NULL_CONVERSION = YES;
				CLANG_WARN_OBJC_IMPLICIT_RETAIN_SELF = YES;
				CLANG_WARN_OBJC_LITERAL_CONVERSION = YES;
				CLANG_WARN_OBJC_ROOT_CLASS = YES_ERROR;
				CLANG_WARN_QUOTED_INCLUDE_IN_FRAMEWORK_HEADER = YES;
				CLANG_WARN_RANGE_LOOP_ANALYSIS = YES;
				CLANG_WARN_STRICT_PROTOTYPES = YES;
				CLANG_WARN_SUSPICIOUS_MOVE = YES;
				CLANG_WARN_UNGUARDED_AVAILABILITY = YES_AGGRESSIVE;
				CLANG_WARN_UNREACHABLE_CODE = YES;
				CLANG_WARN__DUPLICATE_METHOD_MATCH = YES;
				COPY_PHASE_STRIP = NO;
				DEBUG_INFORMATION_FORMAT = "dwarf-with-dsym";
				ENABLE_NS_ASSERTIONS = NO;
				ENABLE_STRICT_OBJC_MSGSEND = YES;
				ENABLE_USER_SCRIPT_SANDBOXING = YES;
				GCC_C_LANGUAGE_STANDARD = gnu17;
				GCC_NO_COMMON_BLOCKS = YES;
				GCC_WARN_64_TO_32_BIT_CONVERSION = YES;
				GCC_WARN_ABOUT_RETURN_TYPE = YES_ERROR;
				GCC_WARN_UNDECLARED_SELECTOR = YES;
				GCC_WARN_UNINITIALIZED_AUTOS = YES_AGGRESSIVE;
				GCC_WARN_UNUSED_FUNCTION = YES;
				GCC_WARN_UNUSED_VARIABLE = YES;
				IPHONEOS_DEPLOYMENT_TARGET = 18.2;
				LOCALIZATION_PREFERS_STRING_CATALOGS = YES;
				MTL_ENABLE_DEBUG_INFO = NO;
				MTL_FAST_MATH = YES;
				SDKROOT = iphoneos;
				SWIFT_COMPILATION_MODE = wholemodule;
				VALIDATE_PRODUCT = YES;
			};
			name = Release;
		};
/* End XCBuildConfiguration section */

/* Begin XCConfigurationList section */
		633043552DA7B6E50016C61F /* Build configuration list for PBXNativeTarget "NearbyAirQualityWidgetExtension" */ = {
			isa = XCConfigurationList;
			buildConfigurations = (
				633043532DA7B6E50016C61F /* Debug */,
				633043542DA7B6E50016C61F /* Release */,
			);
			defaultConfigurationIsVisible = 0;
			defaultConfigurationName = Release;
		};
		63CA9EBE2D89E605007B5340 /* Build configuration list for PBXProject "AirCheck" */ = {
			isa = XCConfigurationList;
			buildConfigurations = (
				63CA9ED92D89E606007B5340 /* Debug */,
				63CA9EDA2D89E606007B5340 /* Release */,
			);
			defaultConfigurationIsVisible = 0;
			defaultConfigurationName = Release;
		};
		63CA9ED62D89E606007B5340 /* Build configuration list for PBXNativeTarget "AirCheck" */ = {
			isa = XCConfigurationList;
			buildConfigurations = (
				63CA9ED72D89E606007B5340 /* Debug */,
				63CA9ED82D89E606007B5340 /* Release */,
			);
			defaultConfigurationIsVisible = 0;
			defaultConfigurationName = Release;
		};
/* End XCConfigurationList section */

/* Begin XCRemoteSwiftPackageReference section */
		6333342E2D89F6EA0082D0CB /* XCRemoteSwiftPackageReference "mapbox-maps-ios" */ = {
			isa = XCRemoteSwiftPackageReference;
			repositoryURL = "https://github.com/mapbox/mapbox-maps-ios.git";
			requirement = {
				kind = exactVersion;
				version = 11.10.1;
			};
		};
		636E1B102D9285C80051AC01 /* XCRemoteSwiftPackageReference "Alamofire" */ = {
			isa = XCRemoteSwiftPackageReference;
			repositoryURL = "https://github.com/Alamofire/Alamofire.git";
			requirement = {
				kind = exactVersion;
				version = 5.10.2;
			};
		};
		63A17E892D95891B00257016 /* XCRemoteSwiftPackageReference "search-ios" */ = {
			isa = XCRemoteSwiftPackageReference;
			repositoryURL = "https://github.com/mapbox/search-ios.git";
			requirement = {
				kind = exactVersion;
				version = 2.8.0;
			};
		};
		63CA9EFC2D89EB08007B5340 /* XCRemoteSwiftPackageReference "SnapKit" */ = {
			isa = XCRemoteSwiftPackageReference;
			repositoryURL = "https://github.com/SnapKit/SnapKit";
			requirement = {
				kind = upToNextMajorVersion;
				minimumVersion = 5.7.1;
			};
		};
/* End XCRemoteSwiftPackageReference section */

/* Begin XCSwiftPackageProductDependency section */
		6333342F2D89F6EA0082D0CB /* MapboxMaps */ = {
			isa = XCSwiftPackageProductDependency;
			package = 6333342E2D89F6EA0082D0CB /* XCRemoteSwiftPackageReference "mapbox-maps-ios" */;
			productName = MapboxMaps;
		};
		636E1B112D9285C80051AC01 /* Alamofire */ = {
			isa = XCSwiftPackageProductDependency;
			package = 636E1B102D9285C80051AC01 /* XCRemoteSwiftPackageReference "Alamofire" */;
			productName = Alamofire;
		};
		63A17E8A2D95891B00257016 /* MapboxSearch */ = {
			isa = XCSwiftPackageProductDependency;
			package = 63A17E892D95891B00257016 /* XCRemoteSwiftPackageReference "search-ios" */;
			productName = MapboxSearch;
		};
		63A17E8C2D95891B00257016 /* MapboxSearchUI */ = {
			isa = XCSwiftPackageProductDependency;
			package = 63A17E892D95891B00257016 /* XCRemoteSwiftPackageReference "search-ios" */;
			productName = MapboxSearchUI;
		};
		63A1E16B2DFCA017009132D5 /* Alamofire */ = {
			isa = XCSwiftPackageProductDependency;
			package = 636E1B102D9285C80051AC01 /* XCRemoteSwiftPackageReference "Alamofire" */;
			productName = Alamofire;
		};
		63CA9EFD2D89EB08007B5340 /* SnapKit */ = {
			isa = XCSwiftPackageProductDependency;
			package = 63CA9EFC2D89EB08007B5340 /* XCRemoteSwiftPackageReference "SnapKit" */;
			productName = SnapKit;
		};
/* End XCSwiftPackageProductDependency section */
	};
	rootObject = 63CA9EBB2D89E605007B5340 /* Project object */;
}
